
Microsoft Visual Studio Solution File, Format Version 12.00
# Visual Studio Version 17
VisualStudioVersion = 17.0.32126.317
MinimumVisualStudioVersion = 10.0.40219.1
Project("{9A19103F-16F7-4668-BE54-9A1E7A4F7556}") = "RussianHub", "RussianHub\RussianHub.csproj", "{F2BB04C6-F0B9-4D47-9F97-1F4A0B579CE2}"
EndProject
Global
	GlobalSection(SolutionConfigurationPlatforms) = preSolution
		Debug|Any CPU = Debug|Any CPU
		Release|Any CPU = Release|Any CPU
	EndGlobalSection
	GlobalSection(ProjectConfigurationPlatforms) = postSolution
		{F2BB04C6-F0B9-4D47-9F97-1F4A0B579CE2}.Debug|Any CPU.ActiveCfg = Debug|Any CPU
		{F2BB04C6-F0B9-4D47-9F97-1F4A0B579CE2}.Debug|Any CPU.Build.0 = Debug|Any CPU
		{F2BB04C6-F0B9-4D47-9F97-1F4A0B579CE2}.Release|Any CPU.ActiveCfg = Release|Any CPU
		{F2BB04C6-F0B9-4D47-9F97-1F4A0B579CE2}.Release|Any CPU.Build.0 = Release|Any CPU
	EndGlobalSection
	GlobalSection(SolutionProperties) = preSolution
		HideSolutionNode = FALSE
	EndGlobalSection
	GlobalSection(ExtensibilityGlobals) = postSolution
		SolutionGuid = {48DE302C-DB35-4722-9613-78056BB0A0A7}
	EndGlobalSection
EndGlobal
